// !$*UTF8*$!
{
	archiveVersion = 1;
	classes = {
	};
	objectVersion = 51;
	objects = {

/* Begin PBXBuildFile section */
		26B99F991664AF21F0521F47 /* Pods_EatsNearMeTests.framework in Frameworks */ = {isa = PBXBuildFile; fileRef = 3F66B435D747ADDAE09D229C /* Pods_EatsNearMeTests.framework */; };
		2F828806E6493BE1FE8F28BE /* Pods_EatsNearMe.framework in Frameworks */ = {isa = PBXBuildFile; fileRef = A1E43C86AA652CEB86D6A8BD /* Pods_EatsNearMe.framework */; };
		77C3C0FCDF91DBE43107D68A /* Pods_EatsNearMe_EatsNearMeUITests.framework in Frameworks */ = {isa = PBXBuildFile; fileRef = DD3F3D5EAC950B819957C6AA /* Pods_EatsNearMe_EatsNearMeUITests.framework */; };
		88774A23269CB17F002A854A /* LoginViewController.m in Sources */ = {isa = PBXBuildFile; fileRef = 88774A22269CB17F002A854A /* LoginViewController.m */; };
		88774A26269CD83A002A854A /* SignUpViewController.m in Sources */ = {isa = PBXBuildFile; fileRef = 88774A25269CD83A002A854A /* SignUpViewController.m */; };
		88774A29269CD852002A854A /* HomeViewController.m in Sources */ = {isa = PBXBuildFile; fileRef = 88774A28269CD852002A854A /* HomeViewController.m */; };
		88774A2C269CE1BE002A854A /* AlertUtil.m in Sources */ = {isa = PBXBuildFile; fileRef = 88774A2B269CE1BE002A854A /* AlertUtil.m */; };
		88774A2F269CE9C4002A854A /* ProfileViewController.m in Sources */ = {isa = PBXBuildFile; fileRef = 88774A2E269CE9C4002A854A /* ProfileViewController.m */; };
		88774A32269CF34F002A854A /* SettingsViewController.m in Sources */ = {isa = PBXBuildFile; fileRef = 88774A31269CF34F002A854A /* SettingsViewController.m */; };
		88774A39269D0693002A854A /* RestaurantCell.m in Sources */ = {isa = PBXBuildFile; fileRef = 88774A38269D0693002A854A /* RestaurantCell.m */; };
		88774A3C269DF186002A854A /* SavedViewController.m in Sources */ = {isa = PBXBuildFile; fileRef = 88774A3B269DF186002A854A /* SavedViewController.m */; };
		88774A3F269DF1A8002A854A /* DetailsViewController.m in Sources */ = {isa = PBXBuildFile; fileRef = 88774A3E269DF1A8002A854A /* DetailsViewController.m */; };
		88774A42269DFF0D002A854A /* ParseUtil.m in Sources */ = {isa = PBXBuildFile; fileRef = 88774A41269DFF0D002A854A /* ParseUtil.m */; };
		88774A47269E30DE002A854A /* Keys.plist in Resources */ = {isa = PBXBuildFile; fileRef = 88774A46269E30DE002A854A /* Keys.plist */; };
		88774A4E269F3772002A854A /* Restaurant.m in Sources */ = {isa = PBXBuildFile; fileRef = 88774A4D269F3772002A854A /* Restaurant.m */; };
		88774A51269F3A17002A854A /* User.m in Sources */ = {isa = PBXBuildFile; fileRef = 88774A50269F3A17002A854A /* User.m */; };
		88774A6326A08A8D002A854A /* RestaurantCardView.m in Sources */ = {isa = PBXBuildFile; fileRef = 88774A6226A08A8D002A854A /* RestaurantCardView.m */; };
		88774A6626A5D6EE002A854A /* ImageUtil.m in Sources */ = {isa = PBXBuildFile; fileRef = 88774A6526A5D6EE002A854A /* ImageUtil.m */; };
		88B242EC268E272300089A35 /* AppDelegate.m in Sources */ = {isa = PBXBuildFile; fileRef = 88B242EB268E272300089A35 /* AppDelegate.m */; };
		88B242EF268E272300089A35 /* SceneDelegate.m in Sources */ = {isa = PBXBuildFile; fileRef = 88B242EE268E272300089A35 /* SceneDelegate.m */; };
		88B242F5268E272300089A35 /* Main.storyboard in Resources */ = {isa = PBXBuildFile; fileRef = 88B242F3268E272300089A35 /* Main.storyboard */; };
		88B242F7268E272500089A35 /* Assets.xcassets in Resources */ = {isa = PBXBuildFile; fileRef = 88B242F6268E272500089A35 /* Assets.xcassets */; };
		88B242FA268E272500089A35 /* LaunchScreen.storyboard in Resources */ = {isa = PBXBuildFile; fileRef = 88B242F8268E272500089A35 /* LaunchScreen.storyboard */; };
		88B242FD268E272500089A35 /* main.m in Sources */ = {isa = PBXBuildFile; fileRef = 88B242FC268E272500089A35 /* main.m */; };
		88B24307268E272500089A35 /* EatsNearMeTests.m in Sources */ = {isa = PBXBuildFile; fileRef = 88B24306268E272500089A35 /* EatsNearMeTests.m */; };
		88B24312268E272500089A35 /* EatsNearMeUITests.m in Sources */ = {isa = PBXBuildFile; fileRef = 88B24311268E272500089A35 /* EatsNearMeUITests.m */; };
/* End PBXBuildFile section */

/* Begin PBXContainerItemProxy section */
		88B24303268E272500089A35 /* PBXContainerItemProxy */ = {
			isa = PBXContainerItemProxy;
			containerPortal = 88B242DF268E272300089A35 /* Project object */;
			proxyType = 1;
			remoteGlobalIDString = 88B242E6268E272300089A35;
			remoteInfo = EatsNearMe;
		};
		88B2430E268E272500089A35 /* PBXContainerItemProxy */ = {
			isa = PBXContainerItemProxy;
			containerPortal = 88B242DF268E272300089A35 /* Project object */;
			proxyType = 1;
			remoteGlobalIDString = 88B242E6268E272300089A35;
			remoteInfo = EatsNearMe;
		};
/* End PBXContainerItemProxy section */

/* Begin PBXFileReference section */
		07CDDB54D4366E15A5C14580 /* Pods-EatsNearMe.release.xcconfig */ = {isa = PBXFileReference; includeInIndex = 1; lastKnownFileType = text.xcconfig; name = "Pods-EatsNearMe.release.xcconfig"; path = "Target Support Files/Pods-EatsNearMe/Pods-EatsNearMe.release.xcconfig"; sourceTree = "<group>"; };
		12A1B86B0F2479593031576C /* Pods-EatsNearMe-EatsNearMeUITests.debug.xcconfig */ = {isa = PBXFileReference; includeInIndex = 1; lastKnownFileType = text.xcconfig; name = "Pods-EatsNearMe-EatsNearMeUITests.debug.xcconfig"; path = "Target Support Files/Pods-EatsNearMe-EatsNearMeUITests/Pods-EatsNearMe-EatsNearMeUITests.debug.xcconfig"; sourceTree = "<group>"; };
		3F66B435D747ADDAE09D229C /* Pods_EatsNearMeTests.framework */ = {isa = PBXFileReference; explicitFileType = wrapper.framework; includeInIndex = 0; path = Pods_EatsNearMeTests.framework; sourceTree = BUILT_PRODUCTS_DIR; };
		736B12AB244AA76423A21C0F /* Pods-EatsNearMe.debug.xcconfig */ = {isa = PBXFileReference; includeInIndex = 1; lastKnownFileType = text.xcconfig; name = "Pods-EatsNearMe.debug.xcconfig"; path = "Target Support Files/Pods-EatsNearMe/Pods-EatsNearMe.debug.xcconfig"; sourceTree = "<group>"; };
		8170BFE44270CB7DE9F5FA94 /* Pods-EatsNearMe-EatsNearMeUITests.release.xcconfig */ = {isa = PBXFileReference; includeInIndex = 1; lastKnownFileType = text.xcconfig; name = "Pods-EatsNearMe-EatsNearMeUITests.release.xcconfig"; path = "Target Support Files/Pods-EatsNearMe-EatsNearMeUITests/Pods-EatsNearMe-EatsNearMeUITests.release.xcconfig"; sourceTree = "<group>"; };
		88774A21269CB17F002A854A /* LoginViewController.h */ = {isa = PBXFileReference; lastKnownFileType = sourcecode.c.h; path = LoginViewController.h; sourceTree = "<group>"; };
		88774A22269CB17F002A854A /* LoginViewController.m */ = {isa = PBXFileReference; lastKnownFileType = sourcecode.c.objc; path = LoginViewController.m; sourceTree = "<group>"; };
		88774A24269CD83A002A854A /* SignUpViewController.h */ = {isa = PBXFileReference; lastKnownFileType = sourcecode.c.h; path = SignUpViewController.h; sourceTree = "<group>"; };
		88774A25269CD83A002A854A /* SignUpViewController.m */ = {isa = PBXFileReference; lastKnownFileType = sourcecode.c.objc; path = SignUpViewController.m; sourceTree = "<group>"; };
		88774A27269CD852002A854A /* HomeViewController.h */ = {isa = PBXFileReference; lastKnownFileType = sourcecode.c.h; path = HomeViewController.h; sourceTree = "<group>"; };
		88774A28269CD852002A854A /* HomeViewController.m */ = {isa = PBXFileReference; lastKnownFileType = sourcecode.c.objc; path = HomeViewController.m; sourceTree = "<group>"; };
		88774A2A269CE1BE002A854A /* AlertUtil.h */ = {isa = PBXFileReference; lastKnownFileType = sourcecode.c.h; path = AlertUtil.h; sourceTree = "<group>"; };
		88774A2B269CE1BE002A854A /* AlertUtil.m */ = {isa = PBXFileReference; lastKnownFileType = sourcecode.c.objc; path = AlertUtil.m; sourceTree = "<group>"; };
		88774A2D269CE9C4002A854A /* ProfileViewController.h */ = {isa = PBXFileReference; lastKnownFileType = sourcecode.c.h; path = ProfileViewController.h; sourceTree = "<group>"; };
		88774A2E269CE9C4002A854A /* ProfileViewController.m */ = {isa = PBXFileReference; lastKnownFileType = sourcecode.c.objc; path = ProfileViewController.m; sourceTree = "<group>"; };
		88774A30269CF34F002A854A /* SettingsViewController.h */ = {isa = PBXFileReference; lastKnownFileType = sourcecode.c.h; path = SettingsViewController.h; sourceTree = "<group>"; };
		88774A31269CF34F002A854A /* SettingsViewController.m */ = {isa = PBXFileReference; lastKnownFileType = sourcecode.c.objc; path = SettingsViewController.m; sourceTree = "<group>"; };
		88774A37269D0693002A854A /* RestaurantCell.h */ = {isa = PBXFileReference; lastKnownFileType = sourcecode.c.h; path = RestaurantCell.h; sourceTree = "<group>"; };
		88774A38269D0693002A854A /* RestaurantCell.m */ = {isa = PBXFileReference; lastKnownFileType = sourcecode.c.objc; path = RestaurantCell.m; sourceTree = "<group>"; };
		88774A3A269DF186002A854A /* SavedViewController.h */ = {isa = PBXFileReference; lastKnownFileType = sourcecode.c.h; path = SavedViewController.h; sourceTree = "<group>"; };
		88774A3B269DF186002A854A /* SavedViewController.m */ = {isa = PBXFileReference; lastKnownFileType = sourcecode.c.objc; path = SavedViewController.m; sourceTree = "<group>"; };
		88774A3D269DF1A8002A854A /* DetailsViewController.h */ = {isa = PBXFileReference; lastKnownFileType = sourcecode.c.h; path = DetailsViewController.h; sourceTree = "<group>"; };
		88774A3E269DF1A8002A854A /* DetailsViewController.m */ = {isa = PBXFileReference; lastKnownFileType = sourcecode.c.objc; path = DetailsViewController.m; sourceTree = "<group>"; };
		88774A40269DFF0D002A854A /* ParseUtil.h */ = {isa = PBXFileReference; lastKnownFileType = sourcecode.c.h; path = ParseUtil.h; sourceTree = "<group>"; };
		88774A41269DFF0D002A854A /* ParseUtil.m */ = {isa = PBXFileReference; lastKnownFileType = sourcecode.c.objc; path = ParseUtil.m; sourceTree = "<group>"; };
		88774A46269E30DE002A854A /* Keys.plist */ = {isa = PBXFileReference; lastKnownFileType = text.plist.xml; path = Keys.plist; sourceTree = "<group>"; };
		88774A4C269F3772002A854A /* Restaurant.h */ = {isa = PBXFileReference; lastKnownFileType = sourcecode.c.h; path = Restaurant.h; sourceTree = "<group>"; };
		88774A4D269F3772002A854A /* Restaurant.m */ = {isa = PBXFileReference; lastKnownFileType = sourcecode.c.objc; path = Restaurant.m; sourceTree = "<group>"; };
		88774A4F269F3A17002A854A /* User.h */ = {isa = PBXFileReference; lastKnownFileType = sourcecode.c.h; path = User.h; sourceTree = "<group>"; };
		88774A50269F3A17002A854A /* User.m */ = {isa = PBXFileReference; lastKnownFileType = sourcecode.c.objc; path = User.m; sourceTree = "<group>"; };
		88774A6126A08A8D002A854A /* RestaurantCardView.h */ = {isa = PBXFileReference; lastKnownFileType = sourcecode.c.h; path = RestaurantCardView.h; sourceTree = "<group>"; };
		88774A6226A08A8D002A854A /* RestaurantCardView.m */ = {isa = PBXFileReference; lastKnownFileType = sourcecode.c.objc; path = RestaurantCardView.m; sourceTree = "<group>"; };
		88774A6426A5D6EE002A854A /* ImageUtil.h */ = {isa = PBXFileReference; lastKnownFileType = sourcecode.c.h; path = ImageUtil.h; sourceTree = "<group>"; };
		88774A6526A5D6EE002A854A /* ImageUtil.m */ = {isa = PBXFileReference; lastKnownFileType = sourcecode.c.objc; path = ImageUtil.m; sourceTree = "<group>"; };
		88B242E7268E272300089A35 /* EatsNearMe.app */ = {isa = PBXFileReference; explicitFileType = wrapper.application; includeInIndex = 0; path = EatsNearMe.app; sourceTree = BUILT_PRODUCTS_DIR; };
		88B242EA268E272300089A35 /* AppDelegate.h */ = {isa = PBXFileReference; lastKnownFileType = sourcecode.c.h; path = AppDelegate.h; sourceTree = "<group>"; };
		88B242EB268E272300089A35 /* AppDelegate.m */ = {isa = PBXFileReference; lastKnownFileType = sourcecode.c.objc; path = AppDelegate.m; sourceTree = "<group>"; };
		88B242ED268E272300089A35 /* SceneDelegate.h */ = {isa = PBXFileReference; lastKnownFileType = sourcecode.c.h; path = SceneDelegate.h; sourceTree = "<group>"; };
		88B242EE268E272300089A35 /* SceneDelegate.m */ = {isa = PBXFileReference; lastKnownFileType = sourcecode.c.objc; path = SceneDelegate.m; sourceTree = "<group>"; };
		88B242F4268E272300089A35 /* Base */ = {isa = PBXFileReference; lastKnownFileType = file.storyboard; name = Base; path = Base.lproj/Main.storyboard; sourceTree = "<group>"; };
		88B242F6268E272500089A35 /* Assets.xcassets */ = {isa = PBXFileReference; lastKnownFileType = folder.assetcatalog; path = Assets.xcassets; sourceTree = "<group>"; };
		88B242F9268E272500089A35 /* Base */ = {isa = PBXFileReference; lastKnownFileType = file.storyboard; name = Base; path = Base.lproj/LaunchScreen.storyboard; sourceTree = "<group>"; };
		88B242FB268E272500089A35 /* Info.plist */ = {isa = PBXFileReference; lastKnownFileType = text.plist.xml; path = Info.plist; sourceTree = "<group>"; };
		88B242FC268E272500089A35 /* main.m */ = {isa = PBXFileReference; lastKnownFileType = sourcecode.c.objc; path = main.m; sourceTree = "<group>"; };
		88B24302268E272500089A35 /* EatsNearMeTests.xctest */ = {isa = PBXFileReference; explicitFileType = wrapper.cfbundle; includeInIndex = 0; path = EatsNearMeTests.xctest; sourceTree = BUILT_PRODUCTS_DIR; };
		88B24306268E272500089A35 /* EatsNearMeTests.m */ = {isa = PBXFileReference; lastKnownFileType = sourcecode.c.objc; path = EatsNearMeTests.m; sourceTree = "<group>"; };
		88B24308268E272500089A35 /* Info.plist */ = {isa = PBXFileReference; lastKnownFileType = text.plist.xml; path = Info.plist; sourceTree = "<group>"; };
		88B2430D268E272500089A35 /* EatsNearMeUITests.xctest */ = {isa = PBXFileReference; explicitFileType = wrapper.cfbundle; includeInIndex = 0; path = EatsNearMeUITests.xctest; sourceTree = BUILT_PRODUCTS_DIR; };
		88B24311268E272500089A35 /* EatsNearMeUITests.m */ = {isa = PBXFileReference; lastKnownFileType = sourcecode.c.objc; path = EatsNearMeUITests.m; sourceTree = "<group>"; };
		88B24313268E272500089A35 /* Info.plist */ = {isa = PBXFileReference; lastKnownFileType = text.plist.xml; path = Info.plist; sourceTree = "<group>"; };
		88B2431F268E273A00089A35 /* README.md */ = {isa = PBXFileReference; lastKnownFileType = net.daringfireball.markdown; path = README.md; sourceTree = "<group>"; };
		9EEC0B512A94CCD6434B5491 /* Pods-EatsNearMeTests.release.xcconfig */ = {isa = PBXFileReference; includeInIndex = 1; lastKnownFileType = text.xcconfig; name = "Pods-EatsNearMeTests.release.xcconfig"; path = "Target Support Files/Pods-EatsNearMeTests/Pods-EatsNearMeTests.release.xcconfig"; sourceTree = "<group>"; };
		A1E43C86AA652CEB86D6A8BD /* Pods_EatsNearMe.framework */ = {isa = PBXFileReference; explicitFileType = wrapper.framework; includeInIndex = 0; path = Pods_EatsNearMe.framework; sourceTree = BUILT_PRODUCTS_DIR; };
		DD3F3D5EAC950B819957C6AA /* Pods_EatsNearMe_EatsNearMeUITests.framework */ = {isa = PBXFileReference; explicitFileType = wrapper.framework; includeInIndex = 0; path = Pods_EatsNearMe_EatsNearMeUITests.framework; sourceTree = BUILT_PRODUCTS_DIR; };
		E2232EFB4F16EAC0467A715C /* Pods-EatsNearMeTests.debug.xcconfig */ = {isa = PBXFileReference; includeInIndex = 1; lastKnownFileType = text.xcconfig; name = "Pods-EatsNearMeTests.debug.xcconfig"; path = "Target Support Files/Pods-EatsNearMeTests/Pods-EatsNearMeTests.debug.xcconfig"; sourceTree = "<group>"; };
/* End PBXFileReference section */

/* Begin PBXFrameworksBuildPhase section */
		88B242E4268E272300089A35 /* Frameworks */ = {
			isa = PBXFrameworksBuildPhase;
			buildActionMask = 2147483647;
			files = (
				2F828806E6493BE1FE8F28BE /* Pods_EatsNearMe.framework in Frameworks */,
			);
			runOnlyForDeploymentPostprocessing = 0;
		};
		88B242FF268E272500089A35 /* Frameworks */ = {
			isa = PBXFrameworksBuildPhase;
			buildActionMask = 2147483647;
			files = (
				26B99F991664AF21F0521F47 /* Pods_EatsNearMeTests.framework in Frameworks */,
			);
			runOnlyForDeploymentPostprocessing = 0;
		};
		88B2430A268E272500089A35 /* Frameworks */ = {
			isa = PBXFrameworksBuildPhase;
			buildActionMask = 2147483647;
			files = (
				77C3C0FCDF91DBE43107D68A /* Pods_EatsNearMe_EatsNearMeUITests.framework in Frameworks */,
			);
			runOnlyForDeploymentPostprocessing = 0;
		};
/* End PBXFrameworksBuildPhase section */

/* Begin PBXGroup section */
		0BC47CF77512B1863B4D1CC7 /* Pods */ = {
			isa = PBXGroup;
			children = (
				736B12AB244AA76423A21C0F /* Pods-EatsNearMe.debug.xcconfig */,
				07CDDB54D4366E15A5C14580 /* Pods-EatsNearMe.release.xcconfig */,
				12A1B86B0F2479593031576C /* Pods-EatsNearMe-EatsNearMeUITests.debug.xcconfig */,
				8170BFE44270CB7DE9F5FA94 /* Pods-EatsNearMe-EatsNearMeUITests.release.xcconfig */,
				E2232EFB4F16EAC0467A715C /* Pods-EatsNearMeTests.debug.xcconfig */,
				9EEC0B512A94CCD6434B5491 /* Pods-EatsNearMeTests.release.xcconfig */,
			);
			path = Pods;
			sourceTree = "<group>";
		};
		0D1BAA2AEA07DA8F1AE699F3 /* Frameworks */ = {
			isa = PBXGroup;
			children = (
				A1E43C86AA652CEB86D6A8BD /* Pods_EatsNearMe.framework */,
				DD3F3D5EAC950B819957C6AA /* Pods_EatsNearMe_EatsNearMeUITests.framework */,
				3F66B435D747ADDAE09D229C /* Pods_EatsNearMeTests.framework */,
			);
			name = Frameworks;
			sourceTree = "<group>";
		};
		88774A1F269CB160002A854A /* ViewControllers */ = {
			isa = PBXGroup;
			children = (
				88774A21269CB17F002A854A /* LoginViewController.h */,
				88774A22269CB17F002A854A /* LoginViewController.m */,
				88774A24269CD83A002A854A /* SignUpViewController.h */,
				88774A25269CD83A002A854A /* SignUpViewController.m */,
				88774A27269CD852002A854A /* HomeViewController.h */,
				88774A28269CD852002A854A /* HomeViewController.m */,
				88774A2D269CE9C4002A854A /* ProfileViewController.h */,
				88774A2E269CE9C4002A854A /* ProfileViewController.m */,
				88774A30269CF34F002A854A /* SettingsViewController.h */,
				88774A31269CF34F002A854A /* SettingsViewController.m */,
				88774A3A269DF186002A854A /* SavedViewController.h */,
				88774A3B269DF186002A854A /* SavedViewController.m */,
				88774A3D269DF1A8002A854A /* DetailsViewController.h */,
				88774A3E269DF1A8002A854A /* DetailsViewController.m */,
			);
			path = ViewControllers;
			sourceTree = "<group>";
		};
		88774A20269CB167002A854A /* Models */ = {
			isa = PBXGroup;
			children = (
				88774A4C269F3772002A854A /* Restaurant.h */,
				88774A4D269F3772002A854A /* Restaurant.m */,
				88774A4F269F3A17002A854A /* User.h */,
				88774A50269F3A17002A854A /* User.m */,
			);
			path = Models;
			sourceTree = "<group>";
		};
		88774A33269D047A002A854A /* Views */ = {
			isa = PBXGroup;
			children = (
				88774A37269D0693002A854A /* RestaurantCell.h */,
				88774A38269D0693002A854A /* RestaurantCell.m */,
				88774A6126A08A8D002A854A /* RestaurantCardView.h */,
				88774A6226A08A8D002A854A /* RestaurantCardView.m */,
			);
			path = Views;
			sourceTree = "<group>";
		};
		88774A48269E31C4002A854A /* Utils */ = {
			isa = PBXGroup;
			children = (
				88774A2A269CE1BE002A854A /* AlertUtil.h */,
				88774A2B269CE1BE002A854A /* AlertUtil.m */,
				88774A40269DFF0D002A854A /* ParseUtil.h */,
				88774A41269DFF0D002A854A /* ParseUtil.m */,
				88774A6426A5D6EE002A854A /* ImageUtil.h */,
				88774A6526A5D6EE002A854A /* ImageUtil.m */,
			);
			path = Utils;
			sourceTree = "<group>";
		};
		88B242DE268E272300089A35 = {
			isa = PBXGroup;
			children = (
				88B2431F268E273A00089A35 /* README.md */,
				88B242E9268E272300089A35 /* EatsNearMe */,
				88B24305268E272500089A35 /* EatsNearMeTests */,
				88B24310268E272500089A35 /* EatsNearMeUITests */,
				88B242E8268E272300089A35 /* Products */,
				0BC47CF77512B1863B4D1CC7 /* Pods */,
				0D1BAA2AEA07DA8F1AE699F3 /* Frameworks */,
			);
			sourceTree = "<group>";
		};
		88B242E8268E272300089A35 /* Products */ = {
			isa = PBXGroup;
			children = (
				88B242E7268E272300089A35 /* EatsNearMe.app */,
				88B24302268E272500089A35 /* EatsNearMeTests.xctest */,
				88B2430D268E272500089A35 /* EatsNearMeUITests.xctest */,
			);
			name = Products;
			sourceTree = "<group>";
		};
		88B242E9268E272300089A35 /* EatsNearMe */ = {
			isa = PBXGroup;
			children = (
				88774A48269E31C4002A854A /* Utils */,
				88774A33269D047A002A854A /* Views */,
				88774A20269CB167002A854A /* Models */,
				88774A1F269CB160002A854A /* ViewControllers */,
				88B242EA268E272300089A35 /* AppDelegate.h */,
				88B242EB268E272300089A35 /* AppDelegate.m */,
				88B242ED268E272300089A35 /* SceneDelegate.h */,
				88B242EE268E272300089A35 /* SceneDelegate.m */,
				88B242F3268E272300089A35 /* Main.storyboard */,
				88B242F6268E272500089A35 /* Assets.xcassets */,
				88B242F8268E272500089A35 /* LaunchScreen.storyboard */,
				88B242FB268E272500089A35 /* Info.plist */,
				88B242FC268E272500089A35 /* main.m */,
				88774A46269E30DE002A854A /* Keys.plist */,
			);
			path = EatsNearMe;
			sourceTree = "<group>";
		};
		88B24305268E272500089A35 /* EatsNearMeTests */ = {
			isa = PBXGroup;
			children = (
				88B24306268E272500089A35 /* EatsNearMeTests.m */,
				88B24308268E272500089A35 /* Info.plist */,
			);
			path = EatsNearMeTests;
			sourceTree = "<group>";
		};
		88B24310268E272500089A35 /* EatsNearMeUITests */ = {
			isa = PBXGroup;
			children = (
				88B24311268E272500089A35 /* EatsNearMeUITests.m */,
				88B24313268E272500089A35 /* Info.plist */,
			);
			path = EatsNearMeUITests;
			sourceTree = "<group>";
		};
/* End PBXGroup section */

/* Begin PBXNativeTarget section */
		88B242E6268E272300089A35 /* EatsNearMe */ = {
			isa = PBXNativeTarget;
			buildConfigurationList = 88B24316268E272500089A35 /* Build configuration list for PBXNativeTarget "EatsNearMe" */;
			buildPhases = (
				9933B450570510E79C93EC97 /* [CP] Check Pods Manifest.lock */,
				88B242E3268E272300089A35 /* Sources */,
				88B242E4268E272300089A35 /* Frameworks */,
				88B242E5268E272300089A35 /* Resources */,
				EA797CBB405F4C3F91CFF031 /* [CP] Embed Pods Frameworks */,
			);
			buildRules = (
			);
			dependencies = (
			);
			name = EatsNearMe;
			productName = EatsNearMe;
			productReference = 88B242E7268E272300089A35 /* EatsNearMe.app */;
			productType = "com.apple.product-type.application";
		};
		88B24301268E272500089A35 /* EatsNearMeTests */ = {
			isa = PBXNativeTarget;
			buildConfigurationList = 88B24319268E272500089A35 /* Build configuration list for PBXNativeTarget "EatsNearMeTests" */;
			buildPhases = (
				D72E4969CC2E6EF9A3EA860B /* [CP] Check Pods Manifest.lock */,
				88B242FE268E272500089A35 /* Sources */,
				88B242FF268E272500089A35 /* Frameworks */,
				88B24300268E272500089A35 /* Resources */,
			);
			buildRules = (
			);
			dependencies = (
				88B24304268E272500089A35 /* PBXTargetDependency */,
			);
			name = EatsNearMeTests;
			productName = EatsNearMeTests;
			productReference = 88B24302268E272500089A35 /* EatsNearMeTests.xctest */;
			productType = "com.apple.product-type.bundle.unit-test";
		};
		88B2430C268E272500089A35 /* EatsNearMeUITests */ = {
			isa = PBXNativeTarget;
			buildConfigurationList = 88B2431C268E272500089A35 /* Build configuration list for PBXNativeTarget "EatsNearMeUITests" */;
			buildPhases = (
				E6EA00EE76030D4C136C5052 /* [CP] Check Pods Manifest.lock */,
				88B24309268E272500089A35 /* Sources */,
				88B2430A268E272500089A35 /* Frameworks */,
				88B2430B268E272500089A35 /* Resources */,
				71EBC9D860CA8F3FDEDFF4E1 /* [CP] Embed Pods Frameworks */,
			);
			buildRules = (
			);
			dependencies = (
				88B2430F268E272500089A35 /* PBXTargetDependency */,
			);
			name = EatsNearMeUITests;
			productName = EatsNearMeUITests;
			productReference = 88B2430D268E272500089A35 /* EatsNearMeUITests.xctest */;
			productType = "com.apple.product-type.bundle.ui-testing";
		};
/* End PBXNativeTarget section */

/* Begin PBXProject section */
		88B242DF268E272300089A35 /* Project object */ = {
			isa = PBXProject;
			attributes = {
				LastUpgradeCheck = 1250;
				TargetAttributes = {
					88B242E6268E272300089A35 = {
						CreatedOnToolsVersion = 12.5.1;
					};
					88B24301268E272500089A35 = {
						CreatedOnToolsVersion = 12.5.1;
						TestTargetID = 88B242E6268E272300089A35;
					};
					88B2430C268E272500089A35 = {
						CreatedOnToolsVersion = 12.5.1;
						TestTargetID = 88B242E6268E272300089A35;
					};
				};
			};
			buildConfigurationList = 88B242E2268E272300089A35 /* Build configuration list for PBXProject "EatsNearMe" */;
			compatibilityVersion = "Xcode 9.3";
			developmentRegion = en;
			hasScannedForEncodings = 0;
			knownRegions = (
				en,
				Base,
			);
			mainGroup = 88B242DE268E272300089A35;
			productRefGroup = 88B242E8268E272300089A35 /* Products */;
			projectDirPath = "";
			projectRoot = "";
			targets = (
				88B242E6268E272300089A35 /* EatsNearMe */,
				88B24301268E272500089A35 /* EatsNearMeTests */,
				88B2430C268E272500089A35 /* EatsNearMeUITests */,
			);
		};
/* End PBXProject section */

/* Begin PBXResourcesBuildPhase section */
		88B242E5268E272300089A35 /* Resources */ = {
			isa = PBXResourcesBuildPhase;
			buildActionMask = 2147483647;
			files = (
				88B242FA268E272500089A35 /* LaunchScreen.storyboard in Resources */,
				88B242F7268E272500089A35 /* Assets.xcassets in Resources */,
				88774A47269E30DE002A854A /* Keys.plist in Resources */,
				88B242F5268E272300089A35 /* Main.storyboard in Resources */,
			);
			runOnlyForDeploymentPostprocessing = 0;
		};
		88B24300268E272500089A35 /* Resources */ = {
			isa = PBXResourcesBuildPhase;
			buildActionMask = 2147483647;
			files = (
			);
			runOnlyForDeploymentPostprocessing = 0;
		};
		88B2430B268E272500089A35 /* Resources */ = {
			isa = PBXResourcesBuildPhase;
			buildActionMask = 2147483647;
			files = (
			);
			runOnlyForDeploymentPostprocessing = 0;
		};
/* End PBXResourcesBuildPhase section */

/* Begin PBXShellScriptBuildPhase section */
		71EBC9D860CA8F3FDEDFF4E1 /* [CP] Embed Pods Frameworks */ = {
			isa = PBXShellScriptBuildPhase;
			buildActionMask = 2147483647;
			files = (
			);
			inputFileListPaths = (
				"${PODS_ROOT}/Target Support Files/Pods-EatsNearMe-EatsNearMeUITests/Pods-EatsNearMe-EatsNearMeUITests-frameworks-${CONFIGURATION}-input-files.xcfilelist",
			);
			name = "[CP] Embed Pods Frameworks";
			outputFileListPaths = (
				"${PODS_ROOT}/Target Support Files/Pods-EatsNearMe-EatsNearMeUITests/Pods-EatsNearMe-EatsNearMeUITests-frameworks-${CONFIGURATION}-output-files.xcfilelist",
			);
			runOnlyForDeploymentPostprocessing = 0;
			shellPath = /bin/sh;
			shellScript = "\"${PODS_ROOT}/Target Support Files/Pods-EatsNearMe-EatsNearMeUITests/Pods-EatsNearMe-EatsNearMeUITests-frameworks.sh\"\n";
			showEnvVarsInLog = 0;
		};
		9933B450570510E79C93EC97 /* [CP] Check Pods Manifest.lock */ = {
			isa = PBXShellScriptBuildPhase;
			buildActionMask = 2147483647;
			files = (
			);
			inputFileListPaths = (
			);
			inputPaths = (
				"${PODS_PODFILE_DIR_PATH}/Podfile.lock",
				"${PODS_ROOT}/Manifest.lock",
			);
			name = "[CP] Check Pods Manifest.lock";
			outputFileListPaths = (
			);
			outputPaths = (
				"$(DERIVED_FILE_DIR)/Pods-EatsNearMe-checkManifestLockResult.txt",
			);
			runOnlyForDeploymentPostprocessing = 0;
			shellPath = /bin/sh;
			shellScript = "diff \"${PODS_PODFILE_DIR_PATH}/Podfile.lock\" \"${PODS_ROOT}/Manifest.lock\" > /dev/null\nif [ $? != 0 ] ; then\n    # print error to STDERR\n    echo \"error: The sandbox is not in sync with the Podfile.lock. Run 'pod install' or update your CocoaPods installation.\" >&2\n    exit 1\nfi\n# This output is used by Xcode 'outputs' to avoid re-running this script phase.\necho \"SUCCESS\" > \"${SCRIPT_OUTPUT_FILE_0}\"\n";
			showEnvVarsInLog = 0;
		};
		D72E4969CC2E6EF9A3EA860B /* [CP] Check Pods Manifest.lock */ = {
			isa = PBXShellScriptBuildPhase;
			buildActionMask = 2147483647;
			files = (
			);
			inputFileListPaths = (
			);
			inputPaths = (
				"${PODS_PODFILE_DIR_PATH}/Podfile.lock",
				"${PODS_ROOT}/Manifest.lock",
			);
			name = "[CP] Check Pods Manifest.lock";
			outputFileListPaths = (
			);
			outputPaths = (
				"$(DERIVED_FILE_DIR)/Pods-EatsNearMeTests-checkManifestLockResult.txt",
			);
			runOnlyForDeploymentPostprocessing = 0;
			shellPath = /bin/sh;
			shellScript = "diff \"${PODS_PODFILE_DIR_PATH}/Podfile.lock\" \"${PODS_ROOT}/Manifest.lock\" > /dev/null\nif [ $? != 0 ] ; then\n    # print error to STDERR\n    echo \"error: The sandbox is not in sync with the Podfile.lock. Run 'pod install' or update your CocoaPods installation.\" >&2\n    exit 1\nfi\n# This output is used by Xcode 'outputs' to avoid re-running this script phase.\necho \"SUCCESS\" > \"${SCRIPT_OUTPUT_FILE_0}\"\n";
			showEnvVarsInLog = 0;
		};
		E6EA00EE76030D4C136C5052 /* [CP] Check Pods Manifest.lock */ = {
			isa = PBXShellScriptBuildPhase;
			buildActionMask = 2147483647;
			files = (
			);
			inputFileListPaths = (
			);
			inputPaths = (
				"${PODS_PODFILE_DIR_PATH}/Podfile.lock",
				"${PODS_ROOT}/Manifest.lock",
			);
			name = "[CP] Check Pods Manifest.lock";
			outputFileListPaths = (
			);
			outputPaths = (
				"$(DERIVED_FILE_DIR)/Pods-EatsNearMe-EatsNearMeUITests-checkManifestLockResult.txt",
			);
			runOnlyForDeploymentPostprocessing = 0;
			shellPath = /bin/sh;
			shellScript = "diff \"${PODS_PODFILE_DIR_PATH}/Podfile.lock\" \"${PODS_ROOT}/Manifest.lock\" > /dev/null\nif [ $? != 0 ] ; then\n    # print error to STDERR\n    echo \"error: The sandbox is not in sync with the Podfile.lock. Run 'pod install' or update your CocoaPods installation.\" >&2\n    exit 1\nfi\n# This output is used by Xcode 'outputs' to avoid re-running this script phase.\necho \"SUCCESS\" > \"${SCRIPT_OUTPUT_FILE_0}\"\n";
			showEnvVarsInLog = 0;
		};
		EA797CBB405F4C3F91CFF031 /* [CP] Embed Pods Frameworks */ = {
			isa = PBXShellScriptBuildPhase;
			buildActionMask = 2147483647;
			files = (
			);
			inputFileListPaths = (
				"${PODS_ROOT}/Target Support Files/Pods-EatsNearMe/Pods-EatsNearMe-frameworks-${CONFIGURATION}-input-files.xcfilelist",
			);
			name = "[CP] Embed Pods Frameworks";
			outputFileListPaths = (
				"${PODS_ROOT}/Target Support Files/Pods-EatsNearMe/Pods-EatsNearMe-frameworks-${CONFIGURATION}-output-files.xcfilelist",
			);
			runOnlyForDeploymentPostprocessing = 0;
			shellPath = /bin/sh;
			shellScript = "\"${PODS_ROOT}/Target Support Files/Pods-EatsNearMe/Pods-EatsNearMe-frameworks.sh\"\n";
			showEnvVarsInLog = 0;
		};
/* End PBXShellScriptBuildPhase section */

/* Begin PBXSourcesBuildPhase section */
		88B242E3268E272300089A35 /* Sources */ = {
			isa = PBXSourcesBuildPhase;
			buildActionMask = 2147483647;
			files = (
				88774A39269D0693002A854A /* RestaurantCell.m in Sources */,
				88774A23269CB17F002A854A /* LoginViewController.m in Sources */,
				88774A26269CD83A002A854A /* SignUpViewController.m in Sources */,
				88774A3F269DF1A8002A854A /* DetailsViewController.m in Sources */,
				88774A2F269CE9C4002A854A /* ProfileViewController.m in Sources */,
				88774A51269F3A17002A854A /* User.m in Sources */,
				88774A32269CF34F002A854A /* SettingsViewController.m in Sources */,
				88774A3C269DF186002A854A /* SavedViewController.m in Sources */,
				88B242EC268E272300089A35 /* AppDelegate.m in Sources */,
				88774A4E269F3772002A854A /* Restaurant.m in Sources */,
				88774A2C269CE1BE002A854A /* AlertUtil.m in Sources */,
				88B242FD268E272500089A35 /* main.m in Sources */,
				88B242EF268E272300089A35 /* SceneDelegate.m in Sources */,
				88774A6326A08A8D002A854A /* RestaurantCardView.m in Sources */,
				88774A29269CD852002A854A /* HomeViewController.m in Sources */,
				88774A6626A5D6EE002A854A /* ImageUtil.m in Sources */,
				88774A42269DFF0D002A854A /* ParseUtil.m in Sources */,
			);
			runOnlyForDeploymentPostprocessing = 0;
		};
		88B242FE268E272500089A35 /* Sources */ = {
			isa = PBXSourcesBuildPhase;
			buildActionMask = 2147483647;
			files = (
				88B24307268E272500089A35 /* EatsNearMeTests.m in Sources */,
			);
			runOnlyForDeploymentPostprocessing = 0;
		};
		88B24309268E272500089A35 /* Sources */ = {
			isa = PBXSourcesBuildPhase;
			buildActionMask = 2147483647;
			files = (
				88B24312268E272500089A35 /* EatsNearMeUITests.m in Sources */,
			);
			runOnlyForDeploymentPostprocessing = 0;
		};
/* End PBXSourcesBuildPhase section */

/* Begin PBXTargetDependency section */
		88B24304268E272500089A35 /* PBXTargetDependency */ = {
			isa = PBXTargetDependency;
			target = 88B242E6268E272300089A35 /* EatsNearMe */;
			targetProxy = 88B24303268E272500089A35 /* PBXContainerItemProxy */;
		};
		88B2430F268E272500089A35 /* PBXTargetDependency */ = {
			isa = PBXTargetDependency;
			target = 88B242E6268E272300089A35 /* EatsNearMe */;
			targetProxy = 88B2430E268E272500089A35 /* PBXContainerItemProxy */;
		};
/* End PBXTargetDependency section */

/* Begin PBXVariantGroup section */
		88B242F3268E272300089A35 /* Main.storyboard */ = {
			isa = PBXVariantGroup;
			children = (
				88B242F4268E272300089A35 /* Base */,
			);
			name = Main.storyboard;
			sourceTree = "<group>";
		};
		88B242F8268E272500089A35 /* LaunchScreen.storyboard */ = {
			isa = PBXVariantGroup;
			children = (
				88B242F9268E272500089A35 /* Base */,
			);
			name = LaunchScreen.storyboard;
			sourceTree = "<group>";
		};
/* End PBXVariantGroup section */

/* Begin XCBuildConfiguration section */
		88B24314268E272500089A35 /* Debug */ = {
			isa = XCBuildConfiguration;
			buildSettings = {
				ALWAYS_SEARCH_USER_PATHS = NO;
				CLANG_ANALYZER_NONNULL = YES;
				CLANG_ANALYZER_NUMBER_OBJECT_CONVERSION = YES_AGGRESSIVE;
				CLANG_CXX_LANGUAGE_STANDARD = "gnu++14";
				CLANG_CXX_LIBRARY = "libc++";
				CLANG_ENABLE_MODULES = YES;
				CLANG_ENABLE_OBJC_ARC = YES;
				CLANG_ENABLE_OBJC_WEAK = YES;
				CLANG_WARN_BLOCK_CAPTURE_AUTORELEASING = YES;
				CLANG_WARN_BOOL_CONVERSION = YES;
				CLANG_WARN_COMMA = YES;
				CLANG_WARN_CONSTANT_CONVERSION = YES;
				CLANG_WARN_DEPRECATED_OBJC_IMPLEMENTATIONS = YES;
				CLANG_WARN_DIRECT_OBJC_ISA_USAGE = YES_ERROR;
				CLANG_WARN_DOCUMENTATION_COMMENTS = YES;
				CLANG_WARN_EMPTY_BODY = YES;
				CLANG_WARN_ENUM_CONVERSION = YES;
				CLANG_WARN_INFINITE_RECURSION = YES;
				CLANG_WARN_INT_CONVERSION = YES;
				CLANG_WARN_NON_LITERAL_NULL_CONVERSION = YES;
				CLANG_WARN_OBJC_IMPLICIT_RETAIN_SELF = YES;
				CLANG_WARN_OBJC_LITERAL_CONVERSION = YES;
				CLANG_WARN_OBJC_ROOT_CLASS = YES_ERROR;
				CLANG_WARN_QUOTED_INCLUDE_IN_FRAMEWORK_HEADER = YES;
				CLANG_WARN_RANGE_LOOP_ANALYSIS = YES;
				CLANG_WARN_STRICT_PROTOTYPES = YES;
				CLANG_WARN_SUSPICIOUS_MOVE = YES;
				CLANG_WARN_UNGUARDED_AVAILABILITY = YES_AGGRESSIVE;
				CLANG_WARN_UNREACHABLE_CODE = YES;
				CLANG_WARN__DUPLICATE_METHOD_MATCH = YES;
				COPY_PHASE_STRIP = NO;
				DEBUG_INFORMATION_FORMAT = dwarf;
				ENABLE_STRICT_OBJC_MSGSEND = YES;
				ENABLE_TESTABILITY = YES;
				GCC_C_LANGUAGE_STANDARD = gnu11;
				GCC_DYNAMIC_NO_PIC = NO;
				GCC_NO_COMMON_BLOCKS = YES;
				GCC_OPTIMIZATION_LEVEL = 0;
				GCC_PREPROCESSOR_DEFINITIONS = (
					"DEBUG=1",
					"$(inherited)",
				);
				GCC_WARN_64_TO_32_BIT_CONVERSION = YES;
				GCC_WARN_ABOUT_RETURN_TYPE = YES_ERROR;
				GCC_WARN_UNDECLARED_SELECTOR = YES;
				GCC_WARN_UNINITIALIZED_AUTOS = YES_AGGRESSIVE;
				GCC_WARN_UNUSED_FUNCTION = YES;
				GCC_WARN_UNUSED_VARIABLE = YES;
				IPHONEOS_DEPLOYMENT_TARGET = 14.5;
				MTL_ENABLE_DEBUG_INFO = INCLUDE_SOURCE;
				MTL_FAST_MATH = YES;
				ONLY_ACTIVE_ARCH = YES;
				SDKROOT = iphoneos;
			};
			name = Debug;
		};
		88B24315268E272500089A35 /* Release */ = {
			isa = XCBuildConfiguration;
			buildSettings = {
				ALWAYS_SEARCH_USER_PATHS = NO;
				CLANG_ANALYZER_NONNULL = YES;
				CLANG_ANALYZER_NUMBER_OBJECT_CONVERSION = YES_AGGRESSIVE;
				CLANG_CXX_LANGUAGE_STANDARD = "gnu++14";
				CLANG_CXX_LIBRARY = "libc++";
				CLANG_ENABLE_MODULES = YES;
				CLANG_ENABLE_OBJC_ARC = YES;
				CLANG_ENABLE_OBJC_WEAK = YES;
				CLANG_WARN_BLOCK_CAPTURE_AUTORELEASING = YES;
				CLANG_WARN_BOOL_CONVERSION = YES;
				CLANG_WARN_COMMA = YES;
				CLANG_WARN_CONSTANT_CONVERSION = YES;
				CLANG_WARN_DEPRECATED_OBJC_IMPLEMENTATIONS = YES;
				CLANG_WARN_DIRECT_OBJC_ISA_USAGE = YES_ERROR;
				CLANG_WARN_DOCUMENTATION_COMMENTS = YES;
				CLANG_WARN_EMPTY_BODY = YES;
				CLANG_WARN_ENUM_CONVERSION = YES;
				CLANG_WARN_INFINITE_RECURSION = YES;
				CLANG_WARN_INT_CONVERSION = YES;
				CLANG_WARN_NON_LITERAL_NULL_CONVERSION = YES;
				CLANG_WARN_OBJC_IMPLICIT_RETAIN_SELF = YES;
				CLANG_WARN_OBJC_LITERAL_CONVERSION = YES;
				CLANG_WARN_OBJC_ROOT_CLASS = YES_ERROR;
				CLANG_WARN_QUOTED_INCLUDE_IN_FRAMEWORK_HEADER = YES;
				CLANG_WARN_RANGE_LOOP_ANALYSIS = YES;
				CLANG_WARN_STRICT_PROTOTYPES = YES;
				CLANG_WARN_SUSPICIOUS_MOVE = YES;
				CLANG_WARN_UNGUARDED_AVAILABILITY = YES_AGGRESSIVE;
				CLANG_WARN_UNREACHABLE_CODE = YES;
				CLANG_WARN__DUPLICATE_METHOD_MATCH = YES;
				COPY_PHASE_STRIP = NO;
				DEBUG_INFORMATION_FORMAT = "dwarf-with-dsym";
				ENABLE_NS_ASSERTIONS = NO;
				ENABLE_STRICT_OBJC_MSGSEND = YES;
				GCC_C_LANGUAGE_STANDARD = gnu11;
				GCC_NO_COMMON_BLOCKS = YES;
				GCC_WARN_64_TO_32_BIT_CONVERSION = YES;
				GCC_WARN_ABOUT_RETURN_TYPE = YES_ERROR;
				GCC_WARN_UNDECLARED_SELECTOR = YES;
				GCC_WARN_UNINITIALIZED_AUTOS = YES_AGGRESSIVE;
				GCC_WARN_UNUSED_FUNCTION = YES;
				GCC_WARN_UNUSED_VARIABLE = YES;
				IPHONEOS_DEPLOYMENT_TARGET = 14.5;
				MTL_ENABLE_DEBUG_INFO = NO;
				MTL_FAST_MATH = YES;
				SDKROOT = iphoneos;
				VALIDATE_PRODUCT = YES;
			};
			name = Release;
		};
		88B24317268E272500089A35 /* Debug */ = {
			isa = XCBuildConfiguration;
			baseConfigurationReference = 736B12AB244AA76423A21C0F /* Pods-EatsNearMe.debug.xcconfig */;
			buildSettings = {
				ASSETCATALOG_COMPILER_APPICON_NAME = AppIcon;
				ASSETCATALOG_COMPILER_GLOBAL_ACCENT_COLOR_NAME = AccentColor;
				CODE_SIGN_STYLE = Automatic;
				DEVELOPMENT_TEAM = L69YQ2AT9Y;
				INFOPLIST_FILE = EatsNearMe/Info.plist;
				LD_RUNPATH_SEARCH_PATHS = (
					"$(inherited)",
					"@executable_path/Frameworks",
				);
				PRODUCT_BUNDLE_IDENTIFIER = com.abbyli437.EatsNearMe;
				PRODUCT_NAME = "$(TARGET_NAME)";
				TARGETED_DEVICE_FAMILY = "1,2";
			};
			name = Debug;
		};
		88B24318268E272500089A35 /* Release */ = {
			isa = XCBuildConfiguration;
			baseConfigurationReference = 07CDDB54D4366E15A5C14580 /* Pods-EatsNearMe.release.xcconfig */;
			buildSettings = {
				ASSETCATALOG_COMPILER_APPICON_NAME = AppIcon;
				ASSETCATALOG_COMPILER_GLOBAL_ACCENT_COLOR_NAME = AccentColor;
				CODE_SIGN_STYLE = Automatic;
				DEVELOPMENT_TEAM = L69YQ2AT9Y;
				INFOPLIST_FILE = EatsNearMe/Info.plist;
				LD_RUNPATH_SEARCH_PATHS = (
					"$(inherited)",
					"@executable_path/Frameworks",
				);
				PRODUCT_BUNDLE_IDENTIFIER = com.abbyli437.EatsNearMe;
				PRODUCT_NAME = "$(TARGET_NAME)";
				TARGETED_DEVICE_FAMILY = "1,2";
			};
			name = Release;
		};
		88B2431A268E272500089A35 /* Debug */ = {
			isa = XCBuildConfiguration;
			baseConfigurationReference = E2232EFB4F16EAC0467A715C /* Pods-EatsNearMeTests.debug.xcconfig */;
			buildSettings = {
				BUNDLE_LOADER = "$(TEST_HOST)";
				CODE_SIGN_STYLE = Automatic;
				DEVELOPMENT_TEAM = L69YQ2AT9Y;
				INFOPLIST_FILE = EatsNearMeTests/Info.plist;
				IPHONEOS_DEPLOYMENT_TARGET = 14.5;
				LD_RUNPATH_SEARCH_PATHS = (
					"$(inherited)",
					"@executable_path/Frameworks",
					"@loader_path/Frameworks",
				);
				PRODUCT_BUNDLE_IDENTIFIER = com.abbyli437.EatsNearMeTests;
				PRODUCT_NAME = "$(TARGET_NAME)";
				TARGETED_DEVICE_FAMILY = "1,2";
				TEST_HOST = "$(BUILT_PRODUCTS_DIR)/EatsNearMe.app/EatsNearMe";
			};
			name = Debug;
		};
		88B2431B268E272500089A35 /* Release */ = {
			isa = XCBuildConfiguration;
			baseConfigurationReference = 9EEC0B512A94CCD6434B5491 /* Pods-EatsNearMeTests.release.xcconfig */;
			buildSettings = {
				BUNDLE_LOADER = "$(TEST_HOST)";
				CODE_SIGN_STYLE = Automatic;
				DEVELOPMENT_TEAM = L69YQ2AT9Y;
				INFOPLIST_FILE = EatsNearMeTests/Info.plist;
				IPHONEOS_DEPLOYMENT_TARGET = 14.5;
				LD_RUNPATH_SEARCH_PATHS = (
					"$(inherited)",
					"@executable_path/Frameworks",
					"@loader_path/Frameworks",
				);
				PRODUCT_BUNDLE_IDENTIFIER = com.abbyli437.EatsNearMeTests;
				PRODUCT_NAME = "$(TARGET_NAME)";
				TARGETED_DEVICE_FAMILY = "1,2";
				TEST_HOST = "$(BUILT_PRODUCTS_DIR)/EatsNearMe.app/EatsNearMe";
			};
			name = Release;
		};
		88B2431D268E272500089A35 /* Debug */ = {
			isa = XCBuildConfiguration;
			baseConfigurationReference = 12A1B86B0F2479593031576C /* Pods-EatsNearMe-EatsNearMeUITests.debug.xcconfig */;
			buildSettings = {
				CODE_SIGN_STYLE = Automatic;
				DEVELOPMENT_TEAM = L69YQ2AT9Y;
				INFOPLIST_FILE = EatsNearMeUITests/Info.plist;
				LD_RUNPATH_SEARCH_PATHS = (
					"$(inherited)",
					"@executable_path/Frameworks",
					"@loader_path/Frameworks",
				);
				PRODUCT_BUNDLE_IDENTIFIER = com.abbyli437.EatsNearMeUITests;
				PRODUCT_NAME = "$(TARGET_NAME)";
				TARGETED_DEVICE_FAMILY = "1,2";
				TEST_TARGET_NAME = EatsNearMe;
			};
			name = Debug;
		};
		88B2431E268E272500089A35 /* Release */ = {
			isa = XCBuildConfiguration;
			baseConfigurationReference = 8170BFE44270CB7DE9F5FA94 /* Pods-EatsNearMe-EatsNearMeUITests.release.xcconfig */;
			buildSettings = {
				CODE_SIGN_STYLE = Automatic;
				DEVELOPMENT_TEAM = L69YQ2AT9Y;
				INFOPLIST_FILE = EatsNearMeUITests/Info.plist;
				LD_RUNPATH_SEARCH_PATHS = (
					"$(inherited)",
					"@executable_path/Frameworks",
					"@loader_path/Frameworks",
				);
				PRODUCT_BUNDLE_IDENTIFIER = com.abbyli437.EatsNearMeUITests;
				PRODUCT_NAME = "$(TARGET_NAME)";
				TARGETED_DEVICE_FAMILY = "1,2";
				TEST_TARGET_NAME = EatsNearMe;
			};
			name = Release;
		};
/* End XCBuildConfiguration section */

/* Begin XCConfigurationList section */
		88B242E2268E272300089A35 /* Build configuration list for PBXProject "EatsNearMe" */ = {
			isa = XCConfigurationList;
			buildConfigurations = (
				88B24314268E272500089A35 /* Debug */,
				88B24315268E272500089A35 /* Release */,
			);
			defaultConfigurationIsVisible = 0;
			defaultConfigurationName = Release;
		};
		88B24316268E272500089A35 /* Build configuration list for PBXNativeTarget "EatsNearMe" */ = {
			isa = XCConfigurationList;
			buildConfigurations = (
				88B24317268E272500089A35 /* Debug */,
				88B24318268E272500089A35 /* Release */,
			);
			defaultConfigurationIsVisible = 0;
			defaultConfigurationName = Release;
		};
		88B24319268E272500089A35 /* Build configuration list for PBXNativeTarget "EatsNearMeTests" */ = {
			isa = XCConfigurationList;
			buildConfigurations = (
				88B2431A268E272500089A35 /* Debug */,
				88B2431B268E272500089A35 /* Release */,
			);
			defaultConfigurationIsVisible = 0;
			defaultConfigurationName = Release;
		};
		88B2431C268E272500089A35 /* Build configuration list for PBXNativeTarget "EatsNearMeUITests" */ = {
			isa = XCConfigurationList;
			buildConfigurations = (
				88B2431D268E272500089A35 /* Debug */,
				88B2431E268E272500089A35 /* Release */,
			);
			defaultConfigurationIsVisible = 0;
			defaultConfigurationName = Release;
		};
/* End XCConfigurationList section */
	};
	rootObject = 88B242DF268E272300089A35 /* Project object */;
}
